
Microsoft Visual Studio Solution File, Format Version 12.00
# Visual Studio 14
VisualStudioVersion = 14.0.23107.0
MinimumVisualStudioVersion = 10.0.40219.1
Project("{FAE04EC0-301F-11D3-BF4B-00C04F79EFBC}") = "UmbracoLatch.UI", "src\app\UmbracoLatch.UI\UmbracoLatch.UI.csproj", "{C1E124BE-74DD-4F46-AA10-9135BED3AD63}"
EndProject
Project("{FAE04EC0-301F-11D3-BF4B-00C04F79EFBC}") = "UmbracoLatch.Core", "src\app\UmbracoLatch.Core\UmbracoLatch.Core.csproj", "{C557BCE3-3A0F-46DD-98F0-C46C93FEFE79}"
EndProject
Global
	GlobalSection(SolutionConfigurationPlatforms) = preSolution
		Debug|Any CPU = Debug|Any CPU
		Release|Any CPU = Release|Any CPU
	EndGlobalSection
	GlobalSection(ProjectConfigurationPlatforms) = postSolution
		{C1E124BE-74DD-4F46-AA10-9135BED3AD63}.Debug|Any CPU.ActiveCfg = Debug|Any CPU
		{C1E124BE-74DD-4F46-AA10-9135BED3AD63}.Debug|Any CPU.Build.0 = Debug|Any CPU
		{C1E124BE-74DD-4F46-AA10-9135BED3AD63}.Release|Any CPU.ActiveCfg = Release|Any CPU
		{C1E124BE-74DD-4F46-AA10-9135BED3AD63}.Release|Any CPU.Build.0 = Release|Any CPU
		{C557BCE3-3A0F-46DD-98F0-C46C93FEFE79}.Debug|Any CPU.ActiveCfg = Debug|Any CPU
		{C557BCE3-3A0F-46DD-98F0-C46C93FEFE79}.Debug|Any CPU.Build.0 = Debug|Any CPU
		{C557BCE3-3A0F-46DD-98F0-C46C93FEFE79}.Release|Any CPU.ActiveCfg = Release|Any CPU
		{C557BCE3-3A0F-46DD-98F0-C46C93FEFE79}.Release|Any CPU.Build.0 = Release|Any CPU
	EndGlobalSection
	GlobalSection(SolutionProperties) = preSolution
		HideSolutionNode = FALSE
	EndGlobalSection
EndGlobal
